
Microsoft Visual Studio Solution File, Format Version 10.00
# Visual Studio 2008
Project("{8BC9CEB8-8B4A-11D0-8D11-00A0C91BC942}") = "ytk", "ytk\ytk.vcproj", "{923F70BC-29B4-41EF-B3DA-15D2A9ECCAA6}"
EndProject
Project("{8BC9CEB8-8B4A-11D0-8D11-00A0C91BC942}") = "log4cplus_dll", "log4cplus_lib\msvc8\log4cplus_dll.vcproj", "{917836A4-0DDC-47BE-B930-1B3BFDF6C940}"
EndProject
Project("{8BC9CEB8-8B4A-11D0-8D11-00A0C91BC942}") = "log4cplus_static", "log4cplus_lib\msvc8\log4cplus_static.vcproj", "{BEC0CD2F-60CD-40E2-A89B-AB10E902F1D5}"
EndProject
Project("{8BC9CEB8-8B4A-11D0-8D11-00A0C91BC942}") = "TestCpp", "test\TestCpp\testCpp.vcproj", "{ABEF7E0D-3D85-4EEC-95A4-7E4E4295FA51}"
EndProject
Project("{8BC9CEB8-8B4A-11D0-8D11-00A0C91BC942}") = "TestLog4cplus", "test\TestLog4cplus\testLog4cplus.vcproj", "{C640C7FF-1ACC-493A-9558-CB48C989352C}"
EndProject
Project("{8BC9CEB8-8B4A-11D0-8D11-00A0C91BC942}") = "TestQt", "test\TestQt\testQt.vcproj", "{31C4D3F8-1BAE-47F9-A157-ED1338741F66}"
EndProject
Project("{8BC9CEB8-8B4A-11D0-8D11-00A0C91BC942}") = "TestStdIO", "test\TestStdIO\TestStdIO.vcproj", "{DFEE1612-219F-4B8D-B7C6-7203D91ABF64}"
EndProject
Project("{8BC9CEB8-8B4A-11D0-8D11-00A0C91BC942}") = "TestVSQt", "test\TestVSQt\TestVSQt.vcproj", "{1ACDBA98-8C99-4ECD-A1F6-36C889425922}"
EndProject
Project("{8BC9CEB8-8B4A-11D0-8D11-00A0C91BC942}") = "sqlite", "sqlite\sqlite.vcproj", "{7DF8ED02-5078-4B0C-9769-8A55E73E2BAC}"
EndProject
Project("{8BC9CEB8-8B4A-11D0-8D11-00A0C91BC942}") = "TestSqlite3", "test\TestSqlite3\TestSqlite3.vcproj", "{287CFD3B-8844-4B7A-822C-5887AA0BB30F}"
EndProject
Project("{8BC9CEB8-8B4A-11D0-8D11-00A0C91BC942}") = "UnitTest", "UnitTest\UnitTest.vcproj", "{2021402B-E1C1-4B02-AFF4-79C5ED4A2074}"
EndProject
Project("{8BC9CEB8-8B4A-11D0-8D11-00A0C91BC942}") = "BatDown", "BatDown\BatDown.vcproj", "{5A1DDE9E-8FC6-4754-A6CB-B4A16CB546E4}"
EndProject
Project("{8BC9CEB8-8B4A-11D0-8D11-00A0C91BC942}") = "sqlitebrowser", "sqlitebrowser\sqlitebrowser.vcproj", "{89CDBFDA-9663-3232-B993-EBD0B77E028C}"
EndProject
Project("{8BC9CEB8-8B4A-11D0-8D11-00A0C91BC942}") = "surfer", "surfer\surfer.vcproj", "{32BE4673-6530-32D3-A79C-3022E39F8A4F}"
EndProject
Project("{8BC9CEB8-8B4A-11D0-8D11-00A0C91BC942}") = "TestMD5", "test\TestMD5\TestMD5.vcproj", "{8D8A4E1C-2682-4DC1-BB34-9D4812AF750F}"
EndProject
Project("{8BC9CEB8-8B4A-11D0-8D11-00A0C91BC942}") = "TestBoost", "test\TestBoost\TestBoost.vcproj", "{6F973338-EB60-4410-B6C0-D13D829749E4}"
EndProject
Global
	GlobalSection(SubversionScc) = preSolution
		Svn-Managed = True
		Manager = AnkhSVN - Subversion Support for Visual Studio
	EndGlobalSection
	GlobalSection(SolutionConfigurationPlatforms) = preSolution
		Debug_Unicode|Win32 = Debug_Unicode|Win32
		Debug|Win32 = Debug|Win32
		Release PE|Win32 = Release PE|Win32
		Release_Unicode|Win32 = Release_Unicode|Win32
		Release|Win32 = Release|Win32
		Release44|Win32 = Release44|Win32
	EndGlobalSection
	GlobalSection(ProjectConfigurationPlatforms) = postSolution
		{923F70BC-29B4-41EF-B3DA-15D2A9ECCAA6}.Debug_Unicode|Win32.ActiveCfg = Debug|Win32
		{923F70BC-29B4-41EF-B3DA-15D2A9ECCAA6}.Debug_Unicode|Win32.Build.0 = Debug|Win32
		{923F70BC-29B4-41EF-B3DA-15D2A9ECCAA6}.Debug|Win32.ActiveCfg = Debug|Win32
		{923F70BC-29B4-41EF-B3DA-15D2A9ECCAA6}.Debug|Win32.Build.0 = Debug|Win32
		{923F70BC-29B4-41EF-B3DA-15D2A9ECCAA6}.Release PE|Win32.ActiveCfg = Release|Win32
		{923F70BC-29B4-41EF-B3DA-15D2A9ECCAA6}.Release PE|Win32.Build.0 = Release|Win32
		{923F70BC-29B4-41EF-B3DA-15D2A9ECCAA6}.Release_Unicode|Win32.ActiveCfg = Release|Win32
		{923F70BC-29B4-41EF-B3DA-15D2A9ECCAA6}.Release_Unicode|Win32.Build.0 = Release|Win32
		{923F70BC-29B4-41EF-B3DA-15D2A9ECCAA6}.Release|Win32.ActiveCfg = Release|Win32
		{923F70BC-29B4-41EF-B3DA-15D2A9ECCAA6}.Release|Win32.Build.0 = Release|Win32
		{923F70BC-29B4-41EF-B3DA-15D2A9ECCAA6}.Release44|Win32.ActiveCfg = Release|Win32
		{923F70BC-29B4-41EF-B3DA-15D2A9ECCAA6}.Release44|Win32.Build.0 = Release|Win32
		{917836A4-0DDC-47BE-B930-1B3BFDF6C940}.Debug_Unicode|Win32.ActiveCfg = Debug_Unicode|Win32
		{917836A4-0DDC-47BE-B930-1B3BFDF6C940}.Debug_Unicode|Win32.Build.0 = Debug_Unicode|Win32
		{917836A4-0DDC-47BE-B930-1B3BFDF6C940}.Debug|Win32.ActiveCfg = Debug|Win32
		{917836A4-0DDC-47BE-B930-1B3BFDF6C940}.Debug|Win32.Build.0 = Debug|Win32
		{917836A4-0DDC-47BE-B930-1B3BFDF6C940}.Release PE|Win32.ActiveCfg = Release_Unicode|Win32
		{917836A4-0DDC-47BE-B930-1B3BFDF6C940}.Release PE|Win32.Build.0 = Release_Unicode|Win32
		{917836A4-0DDC-47BE-B930-1B3BFDF6C940}.Release_Unicode|Win32.ActiveCfg = Release_Unicode|Win32
		{917836A4-0DDC-47BE-B930-1B3BFDF6C940}.Release_Unicode|Win32.Build.0 = Release_Unicode|Win32
		{917836A4-0DDC-47BE-B930-1B3BFDF6C940}.Release|Win32.ActiveCfg = Release|Win32
		{917836A4-0DDC-47BE-B930-1B3BFDF6C940}.Release|Win32.Build.0 = Release|Win32
		{917836A4-0DDC-47BE-B930-1B3BFDF6C940}.Release44|Win32.ActiveCfg = Release_Unicode|Win32
		{917836A4-0DDC-47BE-B930-1B3BFDF6C940}.Release44|Win32.Build.0 = Release_Unicode|Win32
		{BEC0CD2F-60CD-40E2-A89B-AB10E902F1D5}.Debug_Unicode|Win32.ActiveCfg = Debug_Unicode|Win32
		{BEC0CD2F-60CD-40E2-A89B-AB10E902F1D5}.Debug_Unicode|Win32.Build.0 = Debug_Unicode|Win32
		{BEC0CD2F-60CD-40E2-A89B-AB10E902F1D5}.Debug|Win32.ActiveCfg = Debug|Win32
		{BEC0CD2F-60CD-40E2-A89B-AB10E902F1D5}.Debug|Win32.Build.0 = Debug|Win32
		{BEC0CD2F-60CD-40E2-A89B-AB10E902F1D5}.Release PE|Win32.ActiveCfg = Release_Unicode|Win32
		{BEC0CD2F-60CD-40E2-A89B-AB10E902F1D5}.Release PE|Win32.Build.0 = Release_Unicode|Win32
		{BEC0CD2F-60CD-40E2-A89B-AB10E902F1D5}.Release_Unicode|Win32.ActiveCfg = Release_Unicode|Win32
		{BEC0CD2F-60CD-40E2-A89B-AB10E902F1D5}.Release_Unicode|Win32.Build.0 = Release_Unicode|Win32
		{BEC0CD2F-60CD-40E2-A89B-AB10E902F1D5}.Release|Win32.ActiveCfg = Release|Win32
		{BEC0CD2F-60CD-40E2-A89B-AB10E902F1D5}.Release|Win32.Build.0 = Release|Win32
		{BEC0CD2F-60CD-40E2-A89B-AB10E902F1D5}.Release44|Win32.ActiveCfg = Release_Unicode|Win32
		{BEC0CD2F-60CD-40E2-A89B-AB10E902F1D5}.Release44|Win32.Build.0 = Release_Unicode|Win32
		{ABEF7E0D-3D85-4EEC-95A4-7E4E4295FA51}.Debug_Unicode|Win32.ActiveCfg = Debug|Win32
		{ABEF7E0D-3D85-4EEC-95A4-7E4E4295FA51}.Debug_Unicode|Win32.Build.0 = Debug|Win32
		{ABEF7E0D-3D85-4EEC-95A4-7E4E4295FA51}.Debug|Win32.ActiveCfg = Debug|Win32
		{ABEF7E0D-3D85-4EEC-95A4-7E4E4295FA51}.Debug|Win32.Build.0 = Debug|Win32
		{ABEF7E0D-3D85-4EEC-95A4-7E4E4295FA51}.Release PE|Win32.ActiveCfg = Release|Win32
		{ABEF7E0D-3D85-4EEC-95A4-7E4E4295FA51}.Release PE|Win32.Build.0 = Release|Win32
		{ABEF7E0D-3D85-4EEC-95A4-7E4E4295FA51}.Release_Unicode|Win32.ActiveCfg = Release|Win32
		{ABEF7E0D-3D85-4EEC-95A4-7E4E4295FA51}.Release_Unicode|Win32.Build.0 = Release|Win32
		{ABEF7E0D-3D85-4EEC-95A4-7E4E4295FA51}.Release|Win32.ActiveCfg = Release|Win32
		{ABEF7E0D-3D85-4EEC-95A4-7E4E4295FA51}.Release|Win32.Build.0 = Release|Win32
		{ABEF7E0D-3D85-4EEC-95A4-7E4E4295FA51}.Release44|Win32.ActiveCfg = Release|Win32
		{ABEF7E0D-3D85-4EEC-95A4-7E4E4295FA51}.Release44|Win32.Build.0 = Release|Win32
		{C640C7FF-1ACC-493A-9558-CB48C989352C}.Debug_Unicode|Win32.ActiveCfg = Debug_Unicode|Win32
		{C640C7FF-1ACC-493A-9558-CB48C989352C}.Debug_Unicode|Win32.Build.0 = Debug_Unicode|Win32
		{C640C7FF-1ACC-493A-9558-CB48C989352C}.Debug|Win32.ActiveCfg = Debug_Unicode|Win32
		{C640C7FF-1ACC-493A-9558-CB48C989352C}.Debug|Win32.Build.0 = Debug_Unicode|Win32
		{C640C7FF-1ACC-493A-9558-CB48C989352C}.Release PE|Win32.ActiveCfg = Release_Unicode|Win32
		{C640C7FF-1ACC-493A-9558-CB48C989352C}.Release PE|Win32.Build.0 = Release_Unicode|Win32
		{C640C7FF-1ACC-493A-9558-CB48C989352C}.Release_Unicode|Win32.ActiveCfg = Release_Unicode|Win32
		{C640C7FF-1ACC-493A-9558-CB48C989352C}.Release_Unicode|Win32.Build.0 = Release_Unicode|Win32
		{C640C7FF-1ACC-493A-9558-CB48C989352C}.Release|Win32.ActiveCfg = Release_Unicode|Win32
		{C640C7FF-1ACC-493A-9558-CB48C989352C}.Release|Win32.Build.0 = Release_Unicode|Win32
		{C640C7FF-1ACC-493A-9558-CB48C989352C}.Release44|Win32.ActiveCfg = Release_Unicode|Win32
		{C640C7FF-1ACC-493A-9558-CB48C989352C}.Release44|Win32.Build.0 = Release_Unicode|Win32
		{31C4D3F8-1BAE-47F9-A157-ED1338741F66}.Debug_Unicode|Win32.ActiveCfg = Debug|Win32
		{31C4D3F8-1BAE-47F9-A157-ED1338741F66}.Debug_Unicode|Win32.Build.0 = Debug|Win32
		{31C4D3F8-1BAE-47F9-A157-ED1338741F66}.Debug|Win32.ActiveCfg = Debug|Win32
		{31C4D3F8-1BAE-47F9-A157-ED1338741F66}.Debug|Win32.Build.0 = Debug|Win32
		{31C4D3F8-1BAE-47F9-A157-ED1338741F66}.Release PE|Win32.ActiveCfg = Release|Win32
		{31C4D3F8-1BAE-47F9-A157-ED1338741F66}.Release PE|Win32.Build.0 = Release|Win32
		{31C4D3F8-1BAE-47F9-A157-ED1338741F66}.Release_Unicode|Win32.ActiveCfg = Release|Win32
		{31C4D3F8-1BAE-47F9-A157-ED1338741F66}.Release_Unicode|Win32.Build.0 = Release|Win32
		{31C4D3F8-1BAE-47F9-A157-ED1338741F66}.Release|Win32.ActiveCfg = Release|Win32
		{31C4D3F8-1BAE-47F9-A157-ED1338741F66}.Release|Win32.Build.0 = Release|Win32
		{31C4D3F8-1BAE-47F9-A157-ED1338741F66}.Release44|Win32.ActiveCfg = Release|Win32
		{31C4D3F8-1BAE-47F9-A157-ED1338741F66}.Release44|Win32.Build.0 = Release|Win32
		{DFEE1612-219F-4B8D-B7C6-7203D91ABF64}.Debug_Unicode|Win32.ActiveCfg = Debug|Win32
		{DFEE1612-219F-4B8D-B7C6-7203D91ABF64}.Debug_Unicode|Win32.Build.0 = Debug|Win32
		{DFEE1612-219F-4B8D-B7C6-7203D91ABF64}.Debug|Win32.ActiveCfg = Debug|Win32
		{DFEE1612-219F-4B8D-B7C6-7203D91ABF64}.Debug|Win32.Build.0 = Debug|Win32
		{DFEE1612-219F-4B8D-B7C6-7203D91ABF64}.Release PE|Win32.ActiveCfg = Release|Win32
		{DFEE1612-219F-4B8D-B7C6-7203D91ABF64}.Release PE|Win32.Build.0 = Release|Win32
		{DFEE1612-219F-4B8D-B7C6-7203D91ABF64}.Release_Unicode|Win32.ActiveCfg = Release|Win32
		{DFEE1612-219F-4B8D-B7C6-7203D91ABF64}.Release_Unicode|Win32.Build.0 = Release|Win32
		{DFEE1612-219F-4B8D-B7C6-7203D91ABF64}.Release|Win32.ActiveCfg = Release|Win32
		{DFEE1612-219F-4B8D-B7C6-7203D91ABF64}.Release|Win32.Build.0 = Release|Win32
		{DFEE1612-219F-4B8D-B7C6-7203D91ABF64}.Release44|Win32.ActiveCfg = Release|Win32
		{DFEE1612-219F-4B8D-B7C6-7203D91ABF64}.Release44|Win32.Build.0 = Release|Win32
		{1ACDBA98-8C99-4ECD-A1F6-36C889425922}.Debug_Unicode|Win32.ActiveCfg = Debug_Unicode|Win32
		{1ACDBA98-8C99-4ECD-A1F6-36C889425922}.Debug_Unicode|Win32.Build.0 = Debug_Unicode|Win32
		{1ACDBA98-8C99-4ECD-A1F6-36C889425922}.Debug|Win32.ActiveCfg = Debug_Unicode|Win32
		{1ACDBA98-8C99-4ECD-A1F6-36C889425922}.Debug|Win32.Build.0 = Debug_Unicode|Win32
		{1ACDBA98-8C99-4ECD-A1F6-36C889425922}.Release PE|Win32.ActiveCfg = Release_Unicode|Win32
		{1ACDBA98-8C99-4ECD-A1F6-36C889425922}.Release PE|Win32.Build.0 = Release_Unicode|Win32
		{1ACDBA98-8C99-4ECD-A1F6-36C889425922}.Release_Unicode|Win32.ActiveCfg = Release_Unicode|Win32
		{1ACDBA98-8C99-4ECD-A1F6-36C889425922}.Release_Unicode|Win32.Build.0 = Release_Unicode|Win32
		{1ACDBA98-8C99-4ECD-A1F6-36C889425922}.Release|Win32.ActiveCfg = Release_Unicode|Win32
		{1ACDBA98-8C99-4ECD-A1F6-36C889425922}.Release|Win32.Build.0 = Release_Unicode|Win32
		{1ACDBA98-8C99-4ECD-A1F6-36C889425922}.Release44|Win32.ActiveCfg = Release_Unicode|Win32
		{1ACDBA98-8C99-4ECD-A1F6-36C889425922}.Release44|Win32.Build.0 = Release_Unicode|Win32
		{7DF8ED02-5078-4B0C-9769-8A55E73E2BAC}.Debug_Unicode|Win32.ActiveCfg = Debug|Win32
		{7DF8ED02-5078-4B0C-9769-8A55E73E2BAC}.Debug_Unicode|Win32.Build.0 = Debug|Win32
		{7DF8ED02-5078-4B0C-9769-8A55E73E2BAC}.Debug|Win32.ActiveCfg = Debug|Win32
		{7DF8ED02-5078-4B0C-9769-8A55E73E2BAC}.Debug|Win32.Build.0 = Debug|Win32
		{7DF8ED02-5078-4B0C-9769-8A55E73E2BAC}.Release PE|Win32.ActiveCfg = Release|Win32
		{7DF8ED02-5078-4B0C-9769-8A55E73E2BAC}.Release PE|Win32.Build.0 = Release|Win32
		{7DF8ED02-5078-4B0C-9769-8A55E73E2BAC}.Release_Unicode|Win32.ActiveCfg = Release|Win32
		{7DF8ED02-5078-4B0C-9769-8A55E73E2BAC}.Release_Unicode|Win32.Build.0 = Release|Win32
		{7DF8ED02-5078-4B0C-9769-8A55E73E2BAC}.Release|Win32.ActiveCfg = Release|Win32
		{7DF8ED02-5078-4B0C-9769-8A55E73E2BAC}.Release|Win32.Build.0 = Release|Win32
		{7DF8ED02-5078-4B0C-9769-8A55E73E2BAC}.Release44|Win32.ActiveCfg = Release|Win32
		{7DF8ED02-5078-4B0C-9769-8A55E73E2BAC}.Release44|Win32.Build.0 = Release|Win32
		{287CFD3B-8844-4B7A-822C-5887AA0BB30F}.Debug_Unicode|Win32.ActiveCfg = Debug|Win32
		{287CFD3B-8844-4B7A-822C-5887AA0BB30F}.Debug_Unicode|Win32.Build.0 = Debug|Win32
		{287CFD3B-8844-4B7A-822C-5887AA0BB30F}.Debug|Win32.ActiveCfg = Debug|Win32
		{287CFD3B-8844-4B7A-822C-5887AA0BB30F}.Debug|Win32.Build.0 = Debug|Win32
		{287CFD3B-8844-4B7A-822C-5887AA0BB30F}.Release PE|Win32.ActiveCfg = Release|Win32
		{287CFD3B-8844-4B7A-822C-5887AA0BB30F}.Release PE|Win32.Build.0 = Release|Win32
		{287CFD3B-8844-4B7A-822C-5887AA0BB30F}.Release_Unicode|Win32.ActiveCfg = Release|Win32
		{287CFD3B-8844-4B7A-822C-5887AA0BB30F}.Release_Unicode|Win32.Build.0 = Release|Win32
		{287CFD3B-8844-4B7A-822C-5887AA0BB30F}.Release|Win32.ActiveCfg = Release|Win32
		{287CFD3B-8844-4B7A-822C-5887AA0BB30F}.Release|Win32.Build.0 = Release|Win32
		{287CFD3B-8844-4B7A-822C-5887AA0BB30F}.Release44|Win32.ActiveCfg = Release|Win32
		{287CFD3B-8844-4B7A-822C-5887AA0BB30F}.Release44|Win32.Build.0 = Release|Win32
		{2021402B-E1C1-4B02-AFF4-79C5ED4A2074}.Debug_Unicode|Win32.ActiveCfg = Debug|Win32
		{2021402B-E1C1-4B02-AFF4-79C5ED4A2074}.Debug_Unicode|Win32.Build.0 = Debug|Win32
		{2021402B-E1C1-4B02-AFF4-79C5ED4A2074}.Debug|Win32.ActiveCfg = Debug|Win32
		{2021402B-E1C1-4B02-AFF4-79C5ED4A2074}.Debug|Win32.Build.0 = Debug|Win32
		{2021402B-E1C1-4B02-AFF4-79C5ED4A2074}.Release PE|Win32.ActiveCfg = Release|Win32
		{2021402B-E1C1-4B02-AFF4-79C5ED4A2074}.Release PE|Win32.Build.0 = Release|Win32
		{2021402B-E1C1-4B02-AFF4-79C5ED4A2074}.Release_Unicode|Win32.ActiveCfg = Release|Win32
		{2021402B-E1C1-4B02-AFF4-79C5ED4A2074}.Release_Unicode|Win32.Build.0 = Release|Win32
		{2021402B-E1C1-4B02-AFF4-79C5ED4A2074}.Release|Win32.ActiveCfg = Release|Win32
		{2021402B-E1C1-4B02-AFF4-79C5ED4A2074}.Release|Win32.Build.0 = Release|Win32
		{2021402B-E1C1-4B02-AFF4-79C5ED4A2074}.Release44|Win32.ActiveCfg = Release|Win32
		{2021402B-E1C1-4B02-AFF4-79C5ED4A2074}.Release44|Win32.Build.0 = Release|Win32
		{5A1DDE9E-8FC6-4754-A6CB-B4A16CB546E4}.Debug_Unicode|Win32.ActiveCfg = Debug_Unicode|Win32
		{5A1DDE9E-8FC6-4754-A6CB-B4A16CB546E4}.Debug_Unicode|Win32.Build.0 = Debug_Unicode|Win32
		{5A1DDE9E-8FC6-4754-A6CB-B4A16CB546E4}.Debug|Win32.ActiveCfg = Debug_Unicode|Win32
		{5A1DDE9E-8FC6-4754-A6CB-B4A16CB546E4}.Debug|Win32.Build.0 = Debug_Unicode|Win32
		{5A1DDE9E-8FC6-4754-A6CB-B4A16CB546E4}.Release PE|Win32.ActiveCfg = Release_Unicode|Win32
		{5A1DDE9E-8FC6-4754-A6CB-B4A16CB546E4}.Release PE|Win32.Build.0 = Release_Unicode|Win32
		{5A1DDE9E-8FC6-4754-A6CB-B4A16CB546E4}.Release_Unicode|Win32.ActiveCfg = Release_Unicode|Win32
		{5A1DDE9E-8FC6-4754-A6CB-B4A16CB546E4}.Release_Unicode|Win32.Build.0 = Release_Unicode|Win32
		{5A1DDE9E-8FC6-4754-A6CB-B4A16CB546E4}.Release|Win32.ActiveCfg = Release_Unicode|Win32
		{5A1DDE9E-8FC6-4754-A6CB-B4A16CB546E4}.Release|Win32.Build.0 = Release_Unicode|Win32
		{5A1DDE9E-8FC6-4754-A6CB-B4A16CB546E4}.Release44|Win32.ActiveCfg = Release_Unicode|Win32
		{5A1DDE9E-8FC6-4754-A6CB-B4A16CB546E4}.Release44|Win32.Build.0 = Release_Unicode|Win32
		{89CDBFDA-9663-3232-B993-EBD0B77E028C}.Debug_Unicode|Win32.ActiveCfg = Debug|Win32
		{89CDBFDA-9663-3232-B993-EBD0B77E028C}.Debug_Unicode|Win32.Build.0 = Debug|Win32
		{89CDBFDA-9663-3232-B993-EBD0B77E028C}.Debug|Win32.ActiveCfg = Debug|Win32
		{89CDBFDA-9663-3232-B993-EBD0B77E028C}.Debug|Win32.Build.0 = Debug|Win32
		{89CDBFDA-9663-3232-B993-EBD0B77E028C}.Release PE|Win32.ActiveCfg = Release|Win32
		{89CDBFDA-9663-3232-B993-EBD0B77E028C}.Release PE|Win32.Build.0 = Release|Win32
		{89CDBFDA-9663-3232-B993-EBD0B77E028C}.Release_Unicode|Win32.ActiveCfg = Release|Win32
		{89CDBFDA-9663-3232-B993-EBD0B77E028C}.Release_Unicode|Win32.Build.0 = Release|Win32
		{89CDBFDA-9663-3232-B993-EBD0B77E028C}.Release|Win32.ActiveCfg = Release|Win32
		{89CDBFDA-9663-3232-B993-EBD0B77E028C}.Release|Win32.Build.0 = Release|Win32
		{89CDBFDA-9663-3232-B993-EBD0B77E028C}.Release44|Win32.ActiveCfg = Release|Win32
		{89CDBFDA-9663-3232-B993-EBD0B77E028C}.Release44|Win32.Build.0 = Release|Win32
		{32BE4673-6530-32D3-A79C-3022E39F8A4F}.Debug_Unicode|Win32.ActiveCfg = Debug|Win32
		{32BE4673-6530-32D3-A79C-3022E39F8A4F}.Debug_Unicode|Win32.Build.0 = Debug|Win32
		{32BE4673-6530-32D3-A79C-3022E39F8A4F}.Debug|Win32.ActiveCfg = Debug|Win32
		{32BE4673-6530-32D3-A79C-3022E39F8A4F}.Debug|Win32.Build.0 = Debug|Win32
		{32BE4673-6530-32D3-A79C-3022E39F8A4F}.Release PE|Win32.ActiveCfg = Release|Win32
		{32BE4673-6530-32D3-A79C-3022E39F8A4F}.Release PE|Win32.Build.0 = Release|Win32
		{32BE4673-6530-32D3-A79C-3022E39F8A4F}.Release_Unicode|Win32.ActiveCfg = Release|Win32
		{32BE4673-6530-32D3-A79C-3022E39F8A4F}.Release_Unicode|Win32.Build.0 = Release|Win32
		{32BE4673-6530-32D3-A79C-3022E39F8A4F}.Release|Win32.ActiveCfg = Release|Win32
		{32BE4673-6530-32D3-A79C-3022E39F8A4F}.Release|Win32.Build.0 = Release|Win32
		{32BE4673-6530-32D3-A79C-3022E39F8A4F}.Release44|Win32.ActiveCfg = Release|Win32
		{32BE4673-6530-32D3-A79C-3022E39F8A4F}.Release44|Win32.Build.0 = Release|Win32
		{8D8A4E1C-2682-4DC1-BB34-9D4812AF750F}.Debug_Unicode|Win32.ActiveCfg = Debug|Win32
		{8D8A4E1C-2682-4DC1-BB34-9D4812AF750F}.Debug_Unicode|Win32.Build.0 = Debug|Win32
		{8D8A4E1C-2682-4DC1-BB34-9D4812AF750F}.Debug|Win32.ActiveCfg = Debug|Win32
		{8D8A4E1C-2682-4DC1-BB34-9D4812AF750F}.Debug|Win32.Build.0 = Debug|Win32
		{8D8A4E1C-2682-4DC1-BB34-9D4812AF750F}.Release PE|Win32.ActiveCfg = Release|Win32
		{8D8A4E1C-2682-4DC1-BB34-9D4812AF750F}.Release PE|Win32.Build.0 = Release|Win32
		{8D8A4E1C-2682-4DC1-BB34-9D4812AF750F}.Release_Unicode|Win32.ActiveCfg = Release|Win32
		{8D8A4E1C-2682-4DC1-BB34-9D4812AF750F}.Release_Unicode|Win32.Build.0 = Release|Win32
		{8D8A4E1C-2682-4DC1-BB34-9D4812AF750F}.Release|Win32.ActiveCfg = Release|Win32
		{8D8A4E1C-2682-4DC1-BB34-9D4812AF750F}.Release|Win32.Build.0 = Release|Win32
		{8D8A4E1C-2682-4DC1-BB34-9D4812AF750F}.Release44|Win32.ActiveCfg = Release|Win32
		{8D8A4E1C-2682-4DC1-BB34-9D4812AF750F}.Release44|Win32.Build.0 = Release|Win32
		{6F973338-EB60-4410-B6C0-D13D829749E4}.Debug_Unicode|Win32.ActiveCfg = Debug|Win32
		{6F973338-EB60-4410-B6C0-D13D829749E4}.Debug_Unicode|Win32.Build.0 = Debug|Win32
		{6F973338-EB60-4410-B6C0-D13D829749E4}.Debug|Win32.ActiveCfg = Debug|Win32
		{6F973338-EB60-4410-B6C0-D13D829749E4}.Debug|Win32.Build.0 = Debug|Win32
		{6F973338-EB60-4410-B6C0-D13D829749E4}.Release PE|Win32.ActiveCfg = Release|Win32
		{6F973338-EB60-4410-B6C0-D13D829749E4}.Release PE|Win32.Build.0 = Release|Win32
		{6F973338-EB60-4410-B6C0-D13D829749E4}.Release_Unicode|Win32.ActiveCfg = Release|Win32
		{6F973338-EB60-4410-B6C0-D13D829749E4}.Release_Unicode|Win32.Build.0 = Release|Win32
		{6F973338-EB60-4410-B6C0-D13D829749E4}.Release|Win32.ActiveCfg = Release|Win32
		{6F973338-EB60-4410-B6C0-D13D829749E4}.Release|Win32.Build.0 = Release|Win32
		{6F973338-EB60-4410-B6C0-D13D829749E4}.Release44|Win32.ActiveCfg = Release|Win32
		{6F973338-EB60-4410-B6C0-D13D829749E4}.Release44|Win32.Build.0 = Release|Win32
	EndGlobalSection
	GlobalSection(SolutionProperties) = preSolution
		HideSolutionNode = FALSE
	EndGlobalSection
EndGlobal
