
Microsoft Visual Studio Solution File, Format Version 10.00
# Visual Studio 2008
Project("{8BC9CEB8-8B4A-11D0-8D11-00A0C91BC942}") = "CollMgr", "CollMgr\CollMgr.vcproj", "{E6C813E7-D69B-4CE7-9044-1F1C8D655BFF}"
EndProject
Project("{8BC9CEB8-8B4A-11D0-8D11-00A0C91BC942}") = "TestFLTK", "test\TestFLTK\TestFLTK.vcproj", "{2AB64FC8-4C7F-4E51-A204-04B364D98569}"
EndProject
Project("{8BC9CEB8-8B4A-11D0-8D11-00A0C91BC942}") = "TestMD5", "test\TestMD5\TestMD5.vcproj", "{B2CD5075-3BAD-4F54-BA1F-C08934022241}"
EndProject
Project("{8BC9CEB8-8B4A-11D0-8D11-00A0C91BC942}") = "TestSqlite3", "test\TestSqlite3\TestSqlite3.vcproj", "{056D3018-C26D-4BBB-AD47-3626A520437C}"
EndProject
Project("{2150E333-8FDC-42A3-9474-1A3956D46DE8}") = "test", "test", "{AF18A38B-B64C-41A4-9F2A-7A8310EACBCF}"
EndProject
Project("{8BC9CEB8-8B4A-11D0-8D11-00A0C91BC942}") = "TestGTest", "test\TestGTest\TestGTest.vcproj", "{DD68426F-C144-40D1-85C6-7AAF4FCA284D}"
EndProject
Project("{8BC9CEB8-8B4A-11D0-8D11-00A0C91BC942}") = "TestBoost", "test\TestBoost\TestBoost.vcproj", "{DBB52497-AE37-47BA-BC30-84D180607EE8}"
EndProject
Project("{8BC9CEB8-8B4A-11D0-8D11-00A0C91BC942}") = "TestFLTKLog", "test\TestFLTKLog\TestFLTKLog.vcproj", "{4E43617B-C8E7-4662-BB11-93A74C191E5F}"
EndProject
Project("{8BC9CEB8-8B4A-11D0-8D11-00A0C91BC942}") = "TestCppSqlite", "test\TestCppSqlite\TestCppSqlite.vcproj", "{E43ACABB-FA9A-4AEA-9C5C-E1FA4D35AF57}"
EndProject
Project("{8BC9CEB8-8B4A-11D0-8D11-00A0C91BC942}") = "sqlite", "test\sqlite\sqlite.vcproj", "{7DF8ED02-5078-4B0C-9769-8A55E73E2BAC}"
EndProject
Project("{8BC9CEB8-8B4A-11D0-8D11-00A0C91BC942}") = "TestIconv", "test\TestIconv\TestIconv.vcproj", "{84E4F7F7-CA04-4AD6-979E-EA347AC68F64}"
EndProject
Project("{8BC9CEB8-8B4A-11D0-8D11-00A0C91BC942}") = "TestTinyXml", "test\TestTinyXml\TestTinyXml.vcproj", "{801F7162-2F36-46A2-B370-5B6CCF5876C1}"
EndProject
Project("{8BC9CEB8-8B4A-11D0-8D11-00A0C91BC942}") = "TestJson", "test\TestJson\TestJson.vcproj", "{A4FFC2AE-258F-462F-BF0A-10AA26208CB9}"
EndProject
Project("{8BC9CEB8-8B4A-11D0-8D11-00A0C91BC942}") = "TestStd", "test\TestStd\TestStd.vcproj", "{ECEF600B-4544-44A9-B9E8-6204B2819171}"
EndProject
Project("{8BC9CEB8-8B4A-11D0-8D11-00A0C91BC942}") = "fox", "test\fox\fox.vcproj", "{F9982492-22FB-4405-9487-CE29F3199C0B}"
EndProject
Global
	GlobalSection(SubversionScc) = preSolution
		Svn-Managed = True
		Manager = AnkhSVN - Subversion Support for Visual Studio
	EndGlobalSection
	GlobalSection(SolutionConfigurationPlatforms) = preSolution
		Debug Cairo|Win32 = Debug Cairo|Win32
		Debug|Win32 = Debug|Win32
		Release Cairo|Win32 = Release Cairo|Win32
		Release|Win32 = Release|Win32
	EndGlobalSection
	GlobalSection(ProjectConfigurationPlatforms) = postSolution
		{E6C813E7-D69B-4CE7-9044-1F1C8D655BFF}.Debug Cairo|Win32.ActiveCfg = Debug|Win32
		{E6C813E7-D69B-4CE7-9044-1F1C8D655BFF}.Debug Cairo|Win32.Build.0 = Debug|Win32
		{E6C813E7-D69B-4CE7-9044-1F1C8D655BFF}.Debug|Win32.ActiveCfg = Debug|Win32
		{E6C813E7-D69B-4CE7-9044-1F1C8D655BFF}.Debug|Win32.Build.0 = Debug|Win32
		{E6C813E7-D69B-4CE7-9044-1F1C8D655BFF}.Release Cairo|Win32.ActiveCfg = Release|Win32
		{E6C813E7-D69B-4CE7-9044-1F1C8D655BFF}.Release Cairo|Win32.Build.0 = Release|Win32
		{E6C813E7-D69B-4CE7-9044-1F1C8D655BFF}.Release|Win32.ActiveCfg = Release|Win32
		{E6C813E7-D69B-4CE7-9044-1F1C8D655BFF}.Release|Win32.Build.0 = Release|Win32
		{2AB64FC8-4C7F-4E51-A204-04B364D98569}.Debug Cairo|Win32.ActiveCfg = Debug|Win32
		{2AB64FC8-4C7F-4E51-A204-04B364D98569}.Debug Cairo|Win32.Build.0 = Debug|Win32
		{2AB64FC8-4C7F-4E51-A204-04B364D98569}.Debug|Win32.ActiveCfg = Debug|Win32
		{2AB64FC8-4C7F-4E51-A204-04B364D98569}.Debug|Win32.Build.0 = Debug|Win32
		{2AB64FC8-4C7F-4E51-A204-04B364D98569}.Release Cairo|Win32.ActiveCfg = Release|Win32
		{2AB64FC8-4C7F-4E51-A204-04B364D98569}.Release Cairo|Win32.Build.0 = Release|Win32
		{2AB64FC8-4C7F-4E51-A204-04B364D98569}.Release|Win32.ActiveCfg = Release|Win32
		{2AB64FC8-4C7F-4E51-A204-04B364D98569}.Release|Win32.Build.0 = Release|Win32
		{B2CD5075-3BAD-4F54-BA1F-C08934022241}.Debug Cairo|Win32.ActiveCfg = Debug|Win32
		{B2CD5075-3BAD-4F54-BA1F-C08934022241}.Debug Cairo|Win32.Build.0 = Debug|Win32
		{B2CD5075-3BAD-4F54-BA1F-C08934022241}.Debug|Win32.ActiveCfg = Debug|Win32
		{B2CD5075-3BAD-4F54-BA1F-C08934022241}.Debug|Win32.Build.0 = Debug|Win32
		{B2CD5075-3BAD-4F54-BA1F-C08934022241}.Release Cairo|Win32.ActiveCfg = Release|Win32
		{B2CD5075-3BAD-4F54-BA1F-C08934022241}.Release Cairo|Win32.Build.0 = Release|Win32
		{B2CD5075-3BAD-4F54-BA1F-C08934022241}.Release|Win32.ActiveCfg = Release|Win32
		{B2CD5075-3BAD-4F54-BA1F-C08934022241}.Release|Win32.Build.0 = Release|Win32
		{056D3018-C26D-4BBB-AD47-3626A520437C}.Debug Cairo|Win32.ActiveCfg = Debug|Win32
		{056D3018-C26D-4BBB-AD47-3626A520437C}.Debug Cairo|Win32.Build.0 = Debug|Win32
		{056D3018-C26D-4BBB-AD47-3626A520437C}.Debug|Win32.ActiveCfg = Debug|Win32
		{056D3018-C26D-4BBB-AD47-3626A520437C}.Debug|Win32.Build.0 = Debug|Win32
		{056D3018-C26D-4BBB-AD47-3626A520437C}.Release Cairo|Win32.ActiveCfg = Release|Win32
		{056D3018-C26D-4BBB-AD47-3626A520437C}.Release Cairo|Win32.Build.0 = Release|Win32
		{056D3018-C26D-4BBB-AD47-3626A520437C}.Release|Win32.ActiveCfg = Release|Win32
		{056D3018-C26D-4BBB-AD47-3626A520437C}.Release|Win32.Build.0 = Release|Win32
		{DD68426F-C144-40D1-85C6-7AAF4FCA284D}.Debug Cairo|Win32.ActiveCfg = Debug|Win32
		{DD68426F-C144-40D1-85C6-7AAF4FCA284D}.Debug Cairo|Win32.Build.0 = Debug|Win32
		{DD68426F-C144-40D1-85C6-7AAF4FCA284D}.Debug|Win32.ActiveCfg = Debug|Win32
		{DD68426F-C144-40D1-85C6-7AAF4FCA284D}.Debug|Win32.Build.0 = Debug|Win32
		{DD68426F-C144-40D1-85C6-7AAF4FCA284D}.Release Cairo|Win32.ActiveCfg = Release|Win32
		{DD68426F-C144-40D1-85C6-7AAF4FCA284D}.Release Cairo|Win32.Build.0 = Release|Win32
		{DD68426F-C144-40D1-85C6-7AAF4FCA284D}.Release|Win32.ActiveCfg = Release|Win32
		{DD68426F-C144-40D1-85C6-7AAF4FCA284D}.Release|Win32.Build.0 = Release|Win32
		{DBB52497-AE37-47BA-BC30-84D180607EE8}.Debug Cairo|Win32.ActiveCfg = Debug|Win32
		{DBB52497-AE37-47BA-BC30-84D180607EE8}.Debug Cairo|Win32.Build.0 = Debug|Win32
		{DBB52497-AE37-47BA-BC30-84D180607EE8}.Debug|Win32.ActiveCfg = Debug|Win32
		{DBB52497-AE37-47BA-BC30-84D180607EE8}.Debug|Win32.Build.0 = Debug|Win32
		{DBB52497-AE37-47BA-BC30-84D180607EE8}.Release Cairo|Win32.ActiveCfg = Release|Win32
		{DBB52497-AE37-47BA-BC30-84D180607EE8}.Release Cairo|Win32.Build.0 = Release|Win32
		{DBB52497-AE37-47BA-BC30-84D180607EE8}.Release|Win32.ActiveCfg = Release|Win32
		{DBB52497-AE37-47BA-BC30-84D180607EE8}.Release|Win32.Build.0 = Release|Win32
		{4E43617B-C8E7-4662-BB11-93A74C191E5F}.Debug Cairo|Win32.ActiveCfg = Debug|Win32
		{4E43617B-C8E7-4662-BB11-93A74C191E5F}.Debug Cairo|Win32.Build.0 = Debug|Win32
		{4E43617B-C8E7-4662-BB11-93A74C191E5F}.Debug|Win32.ActiveCfg = Debug|Win32
		{4E43617B-C8E7-4662-BB11-93A74C191E5F}.Debug|Win32.Build.0 = Debug|Win32
		{4E43617B-C8E7-4662-BB11-93A74C191E5F}.Release Cairo|Win32.ActiveCfg = Release|Win32
		{4E43617B-C8E7-4662-BB11-93A74C191E5F}.Release Cairo|Win32.Build.0 = Release|Win32
		{4E43617B-C8E7-4662-BB11-93A74C191E5F}.Release|Win32.ActiveCfg = Release|Win32
		{4E43617B-C8E7-4662-BB11-93A74C191E5F}.Release|Win32.Build.0 = Release|Win32
		{E43ACABB-FA9A-4AEA-9C5C-E1FA4D35AF57}.Debug Cairo|Win32.ActiveCfg = Debug|Win32
		{E43ACABB-FA9A-4AEA-9C5C-E1FA4D35AF57}.Debug Cairo|Win32.Build.0 = Debug|Win32
		{E43ACABB-FA9A-4AEA-9C5C-E1FA4D35AF57}.Debug|Win32.ActiveCfg = Debug|Win32
		{E43ACABB-FA9A-4AEA-9C5C-E1FA4D35AF57}.Debug|Win32.Build.0 = Debug|Win32
		{E43ACABB-FA9A-4AEA-9C5C-E1FA4D35AF57}.Release Cairo|Win32.ActiveCfg = Release|Win32
		{E43ACABB-FA9A-4AEA-9C5C-E1FA4D35AF57}.Release Cairo|Win32.Build.0 = Release|Win32
		{E43ACABB-FA9A-4AEA-9C5C-E1FA4D35AF57}.Release|Win32.ActiveCfg = Release|Win32
		{E43ACABB-FA9A-4AEA-9C5C-E1FA4D35AF57}.Release|Win32.Build.0 = Release|Win32
		{7DF8ED02-5078-4B0C-9769-8A55E73E2BAC}.Debug Cairo|Win32.ActiveCfg = Debug|Win32
		{7DF8ED02-5078-4B0C-9769-8A55E73E2BAC}.Debug Cairo|Win32.Build.0 = Debug|Win32
		{7DF8ED02-5078-4B0C-9769-8A55E73E2BAC}.Debug|Win32.ActiveCfg = Debug|Win32
		{7DF8ED02-5078-4B0C-9769-8A55E73E2BAC}.Debug|Win32.Build.0 = Debug|Win32
		{7DF8ED02-5078-4B0C-9769-8A55E73E2BAC}.Release Cairo|Win32.ActiveCfg = Release|Win32
		{7DF8ED02-5078-4B0C-9769-8A55E73E2BAC}.Release Cairo|Win32.Build.0 = Release|Win32
		{7DF8ED02-5078-4B0C-9769-8A55E73E2BAC}.Release|Win32.ActiveCfg = Release|Win32
		{7DF8ED02-5078-4B0C-9769-8A55E73E2BAC}.Release|Win32.Build.0 = Release|Win32
		{84E4F7F7-CA04-4AD6-979E-EA347AC68F64}.Debug Cairo|Win32.ActiveCfg = Debug|Win32
		{84E4F7F7-CA04-4AD6-979E-EA347AC68F64}.Debug Cairo|Win32.Build.0 = Debug|Win32
		{84E4F7F7-CA04-4AD6-979E-EA347AC68F64}.Debug|Win32.ActiveCfg = Debug|Win32
		{84E4F7F7-CA04-4AD6-979E-EA347AC68F64}.Debug|Win32.Build.0 = Debug|Win32
		{84E4F7F7-CA04-4AD6-979E-EA347AC68F64}.Release Cairo|Win32.ActiveCfg = Release|Win32
		{84E4F7F7-CA04-4AD6-979E-EA347AC68F64}.Release Cairo|Win32.Build.0 = Release|Win32
		{84E4F7F7-CA04-4AD6-979E-EA347AC68F64}.Release|Win32.ActiveCfg = Release|Win32
		{84E4F7F7-CA04-4AD6-979E-EA347AC68F64}.Release|Win32.Build.0 = Release|Win32
		{801F7162-2F36-46A2-B370-5B6CCF5876C1}.Debug Cairo|Win32.ActiveCfg = Debug|Win32
		{801F7162-2F36-46A2-B370-5B6CCF5876C1}.Debug Cairo|Win32.Build.0 = Debug|Win32
		{801F7162-2F36-46A2-B370-5B6CCF5876C1}.Debug|Win32.ActiveCfg = Debug|Win32
		{801F7162-2F36-46A2-B370-5B6CCF5876C1}.Debug|Win32.Build.0 = Debug|Win32
		{801F7162-2F36-46A2-B370-5B6CCF5876C1}.Release Cairo|Win32.ActiveCfg = Release|Win32
		{801F7162-2F36-46A2-B370-5B6CCF5876C1}.Release Cairo|Win32.Build.0 = Release|Win32
		{801F7162-2F36-46A2-B370-5B6CCF5876C1}.Release|Win32.ActiveCfg = Release|Win32
		{801F7162-2F36-46A2-B370-5B6CCF5876C1}.Release|Win32.Build.0 = Release|Win32
		{A4FFC2AE-258F-462F-BF0A-10AA26208CB9}.Debug Cairo|Win32.ActiveCfg = Debug|Win32
		{A4FFC2AE-258F-462F-BF0A-10AA26208CB9}.Debug Cairo|Win32.Build.0 = Debug|Win32
		{A4FFC2AE-258F-462F-BF0A-10AA26208CB9}.Debug|Win32.ActiveCfg = Debug|Win32
		{A4FFC2AE-258F-462F-BF0A-10AA26208CB9}.Debug|Win32.Build.0 = Debug|Win32
		{A4FFC2AE-258F-462F-BF0A-10AA26208CB9}.Release Cairo|Win32.ActiveCfg = Release|Win32
		{A4FFC2AE-258F-462F-BF0A-10AA26208CB9}.Release Cairo|Win32.Build.0 = Release|Win32
		{A4FFC2AE-258F-462F-BF0A-10AA26208CB9}.Release|Win32.ActiveCfg = Release|Win32
		{A4FFC2AE-258F-462F-BF0A-10AA26208CB9}.Release|Win32.Build.0 = Release|Win32
		{ECEF600B-4544-44A9-B9E8-6204B2819171}.Debug Cairo|Win32.ActiveCfg = Debug|Win32
		{ECEF600B-4544-44A9-B9E8-6204B2819171}.Debug Cairo|Win32.Build.0 = Debug|Win32
		{ECEF600B-4544-44A9-B9E8-6204B2819171}.Debug|Win32.ActiveCfg = Debug|Win32
		{ECEF600B-4544-44A9-B9E8-6204B2819171}.Debug|Win32.Build.0 = Debug|Win32
		{ECEF600B-4544-44A9-B9E8-6204B2819171}.Release Cairo|Win32.ActiveCfg = Release|Win32
		{ECEF600B-4544-44A9-B9E8-6204B2819171}.Release Cairo|Win32.Build.0 = Release|Win32
		{ECEF600B-4544-44A9-B9E8-6204B2819171}.Release|Win32.ActiveCfg = Release|Win32
		{ECEF600B-4544-44A9-B9E8-6204B2819171}.Release|Win32.Build.0 = Release|Win32
		{F9982492-22FB-4405-9487-CE29F3199C0B}.Debug Cairo|Win32.ActiveCfg = Debug|Win32
		{F9982492-22FB-4405-9487-CE29F3199C0B}.Debug Cairo|Win32.Build.0 = Debug|Win32
		{F9982492-22FB-4405-9487-CE29F3199C0B}.Debug|Win32.ActiveCfg = Debug|Win32
		{F9982492-22FB-4405-9487-CE29F3199C0B}.Debug|Win32.Build.0 = Debug|Win32
		{F9982492-22FB-4405-9487-CE29F3199C0B}.Release Cairo|Win32.ActiveCfg = Release|Win32
		{F9982492-22FB-4405-9487-CE29F3199C0B}.Release Cairo|Win32.Build.0 = Release|Win32
		{F9982492-22FB-4405-9487-CE29F3199C0B}.Release|Win32.ActiveCfg = Release|Win32
		{F9982492-22FB-4405-9487-CE29F3199C0B}.Release|Win32.Build.0 = Release|Win32
	EndGlobalSection
	GlobalSection(SolutionProperties) = preSolution
		HideSolutionNode = FALSE
	EndGlobalSection
	GlobalSection(NestedProjects) = preSolution
		{B2CD5075-3BAD-4F54-BA1F-C08934022241} = {AF18A38B-B64C-41A4-9F2A-7A8310EACBCF}
		{056D3018-C26D-4BBB-AD47-3626A520437C} = {AF18A38B-B64C-41A4-9F2A-7A8310EACBCF}
		{2AB64FC8-4C7F-4E51-A204-04B364D98569} = {AF18A38B-B64C-41A4-9F2A-7A8310EACBCF}
		{DD68426F-C144-40D1-85C6-7AAF4FCA284D} = {AF18A38B-B64C-41A4-9F2A-7A8310EACBCF}
		{DBB52497-AE37-47BA-BC30-84D180607EE8} = {AF18A38B-B64C-41A4-9F2A-7A8310EACBCF}
		{4E43617B-C8E7-4662-BB11-93A74C191E5F} = {AF18A38B-B64C-41A4-9F2A-7A8310EACBCF}
		{E43ACABB-FA9A-4AEA-9C5C-E1FA4D35AF57} = {AF18A38B-B64C-41A4-9F2A-7A8310EACBCF}
		{7DF8ED02-5078-4B0C-9769-8A55E73E2BAC} = {AF18A38B-B64C-41A4-9F2A-7A8310EACBCF}
		{84E4F7F7-CA04-4AD6-979E-EA347AC68F64} = {AF18A38B-B64C-41A4-9F2A-7A8310EACBCF}
		{801F7162-2F36-46A2-B370-5B6CCF5876C1} = {AF18A38B-B64C-41A4-9F2A-7A8310EACBCF}
		{A4FFC2AE-258F-462F-BF0A-10AA26208CB9} = {AF18A38B-B64C-41A4-9F2A-7A8310EACBCF}
		{ECEF600B-4544-44A9-B9E8-6204B2819171} = {AF18A38B-B64C-41A4-9F2A-7A8310EACBCF}
		{F9982492-22FB-4405-9487-CE29F3199C0B} = {AF18A38B-B64C-41A4-9F2A-7A8310EACBCF}
	EndGlobalSection
EndGlobal
